[[package]]
name = "appnope"
version = "0.1.2"
description = "Disable App Nap on macOS >= 10.9"
category = "dev"
optional = false
python-versions = "*"

[[package]]
name = "backcall"
version = "0.2.0"
description = "Specifications for callback functions passed in to an API"
category = "dev"
optional = false
python-versions = "*"

[[package]]
name = "certifi"
version = "2020.12.5"
description = "Python package for providing Mozilla's CA Bundle."
category = "main"
optional = false
python-versions = "*"

[[package]]
name = "chardet"
version = "4.0.0"
description = "Universal encoding detector for Python 2 and 3"
category = "main"
optional = false
python-versions = ">=2.7, !=3.0.*, !=3.1.*, !=3.2.*, !=3.3.*, !=3.4.*"

[[package]]
name = "colorama"
version = "0.4.4"
description = "Cross-platform colored terminal text."
category = "dev"
optional = false
python-versions = ">=2.7, !=3.0.*, !=3.1.*, !=3.2.*, !=3.3.*, !=3.4.*"

[[package]]
name = "decorator"
version = "4.4.2"
description = "Decorators for Humans"
category = "dev"
optional = false
python-versions = ">=2.6, !=3.0.*, !=3.1.*"

[[package]]
name = "fuzzywuzzy"
version = "0.18.0"
description = "Fuzzy string matching in python"
category = "main"
optional = false
python-versions = "*"

[package.dependencies]
python-levenshtein = {version = ">=0.12", optional = true, markers = "extra == \"speedup\""}

[package.extras]
speedup = ["python-levenshtein (>=0.12)"]

[[package]]
name = "idna"
version = "2.10"
description = "Internationalized Domain Names in Applications (IDNA)"
category = "main"
optional = false
python-versions = ">=2.7, !=3.0.*, !=3.1.*, !=3.2.*, !=3.3.*"

[[package]]
name = "inflect"
version = "5.0.2"
description = "Correctly generate plurals, singular nouns, ordinals, indefinite articles; convert numbers to words"
category = "main"
optional = false
python-versions = ">=3.6"

[package.extras]
docs = ["sphinx", "jaraco.packaging (>=3.2)", "rst.linker (>=1.9)"]
testing = ["pytest (>=3.5,!=3.7.3)", "pytest-checkdocs (>=1.2.3)", "pytest-flake8", "pytest-cov", "jaraco.test (>=3.2.0)", "pygments", "pytest-black (>=0.3.7)", "pytest-mypy"]

[[package]]
name = "ipdb"
version = "0.13.4"
description = "IPython-enabled pdb"
category = "dev"
optional = false
python-versions = ">=2.7"

[package.dependencies]
ipython = {version = ">=5.1.0", markers = "python_version >= \"3.4\""}

[[package]]
name = "ipython"
version = "7.19.0"
description = "IPython: Productive Interactive Computing"
category = "dev"
optional = false
python-versions = ">=3.7"

[package.dependencies]
appnope = {version = "*", markers = "sys_platform == \"darwin\""}
backcall = "*"
colorama = {version = "*", markers = "sys_platform == \"win32\""}
decorator = "*"
jedi = ">=0.10"
pexpect = {version = ">4.3", markers = "sys_platform != \"win32\""}
pickleshare = "*"
prompt-toolkit = ">=2.0.0,<3.0.0 || >3.0.0,<3.0.1 || >3.0.1,<3.1.0"
pygments = "*"
traitlets = ">=4.2"

[package.extras]
all = ["Sphinx (>=1.3)", "ipykernel", "ipyparallel", "ipywidgets", "nbconvert", "nbformat", "nose (>=0.10.1)", "notebook", "numpy (>=1.14)", "pygments", "qtconsole", "requests", "testpath"]
doc = ["Sphinx (>=1.3)"]
kernel = ["ipykernel"]
nbconvert = ["nbconvert"]
nbformat = ["nbformat"]
notebook = ["notebook", "ipywidgets"]
parallel = ["ipyparallel"]
qtconsole = ["qtconsole"]
test = ["nose (>=0.10.1)", "requests", "testpath", "pygments", "nbformat", "ipykernel", "numpy (>=1.14)"]

[[package]]
name = "ipython-genutils"
version = "0.2.0"
description = "Vestigial utilities from IPython"
category = "dev"
optional = false
python-versions = "*"

[[package]]
name = "jedi"
version = "0.17.2"
description = "An autocompletion tool for Python that can be used for text editors."
category = "dev"
optional = false
python-versions = ">=2.7, !=3.0.*, !=3.1.*, !=3.2.*, !=3.3.*, !=3.4.*"

[package.dependencies]
parso = ">=0.7.0,<0.8.0"

[package.extras]
qa = ["flake8 (==3.7.9)"]
testing = ["Django (<3.1)", "colorama", "docopt", "pytest (>=3.9.0,<5.0.0)"]

[[package]]
name = "lemminflect"
version = "0.2.2"
description = "A python module for English lemmatization and inflection."
category = "main"
optional = false
python-versions = "*"

[package.dependencies]
numpy = "*"

[[package]]
name = "numpy"
version = "1.21.1"
description = "NumPy is the fundamental package for array computing with Python."
category = "main"
optional = false
python-versions = ">=3.7"

[[package]]
name = "parso"
version = "0.7.1"
description = "A Python Parser"
category = "dev"
optional = false
python-versions = ">=2.7, !=3.0.*, !=3.1.*, !=3.2.*, !=3.3.*"

[package.extras]
testing = ["docopt", "pytest (>=3.0.7)"]

[[package]]
name = "pexpect"
version = "4.8.0"
description = "Pexpect allows easy control of interactive console applications."
category = "dev"
optional = false
python-versions = "*"

[package.dependencies]
ptyprocess = ">=0.5"

[[package]]
name = "pickleshare"
version = "0.7.5"
description = "Tiny 'shelve'-like database with concurrency support"
category = "dev"
optional = false
python-versions = "*"

[[package]]
name = "prompt-toolkit"
version = "3.0.14"
description = "Library for building powerful interactive command lines in Python"
category = "dev"
optional = false
python-versions = ">=3.6.1"

[package.dependencies]
wcwidth = "*"

[[package]]
name = "ptyprocess"
version = "0.7.0"
description = "Run a subprocess in a pseudo terminal"
category = "dev"
optional = false
python-versions = "*"

[[package]]
name = "pycld3"
version = "0.20"
description = "CLD3 Python bindings"
category = "main"
optional = false
python-versions = ">2.7,!=3.0.*,!=3.1.*,!=3.2.*,!=3.3.*,!=3.4.*"

[[package]]
name = "pygments"
version = "2.7.4"
description = "Pygments is a syntax highlighting package written in Python."
category = "dev"
optional = false
python-versions = ">=3.5"

[[package]]
name = "python-dotenv"
version = "0.15.0"
description = "Add .env support to your django/flask apps in development and deployments"
category = "main"
optional = false
python-versions = "*"

[package.extras]
cli = ["click (>=5.0)"]

[[package]]
name = "python-levenshtein"
version = "0.12.1"
description = "Python extension for computing string edit distances and similarities."
category = "main"
optional = false
python-versions = "*"

[[package]]
name = "requests"
version = "2.25.1"
description = "Python HTTP for Humans."
category = "main"
optional = false
python-versions = ">=2.7, !=3.0.*, !=3.1.*, !=3.2.*, !=3.3.*, !=3.4.*"

[package.dependencies]
certifi = ">=2017.4.17"
chardet = ">=3.0.2,<5"
idna = ">=2.5,<3"
urllib3 = ">=1.21.1,<1.27"

[package.extras]
security = ["pyOpenSSL (>=0.14)", "cryptography (>=1.3.4)"]
socks = ["PySocks (>=1.5.6,!=1.5.7)", "win-inet-pton"]

[[package]]
name = "six"
version = "1.15.0"
description = "Python 2 and 3 compatibility utilities"
category = "main"
optional = false
python-versions = ">=2.7, !=3.0.*, !=3.1.*, !=3.2.*"

[[package]]
name = "spotipy"
version = "2.16.1"
description = "A light weight Python library for the Spotify Web API"
category = "main"
optional = false
python-versions = "*"

[package.dependencies]
requests = ">=2.20.0"
six = ">=1.10.0"

[package.extras]
doc = ["Sphinx (>=1.5.2)"]
test = ["mock (==2.0.0)"]

[[package]]
name = "tqdm"
version = "4.56.0"
description = "Fast, Extensible Progress Meter"
category = "main"
optional = false
python-versions = "!=3.0.*,!=3.1.*,!=3.2.*,!=3.3.*,>=2.7"

[package.extras]
dev = ["py-make (>=0.1.0)", "twine", "wheel"]
telegram = ["requests"]

[[package]]
name = "traitlets"
version = "5.0.5"
description = "Traitlets Python configuration system"
category = "dev"
optional = false
python-versions = ">=3.7"

[package.dependencies]
ipython-genutils = "*"

[package.extras]
test = ["pytest"]

[[package]]
name = "unidecode"
version = "1.1.2"
description = "ASCII transliterations of Unicode text"
category = "main"
optional = false
python-versions = ">=2.7, !=3.0.*, !=3.1.*, !=3.2.*, !=3.3.*"

[[package]]
name = "urllib3"
version = "1.26.3"
description = "HTTP library with thread-safe connection pooling, file post, and more."
category = "main"
optional = false
python-versions = ">=2.7, !=3.0.*, !=3.1.*, !=3.2.*, !=3.3.*, !=3.4.*, <4"

[package.extras]
brotli = ["brotlipy (>=0.6.0)"]
secure = ["pyOpenSSL (>=0.14)", "cryptography (>=1.3.4)", "idna (>=2.0.0)", "certifi", "ipaddress"]
socks = ["PySocks (>=1.5.6,!=1.5.7,<2.0)"]

[[package]]
name = "wcwidth"
version = "0.2.5"
description = "Measures the displayed width of unicode strings in a terminal"
category = "dev"
optional = false
python-versions = "*"

[metadata]
lock-version = "1.1"
python-versions = "^3.8"
content-hash = "cfda3b3bba57a61b86bb4229b3baf1563ed5a3ec44379445bc2d7fc5691e30cd"

[metadata.files]
appnope = [
    {file = "appnope-0.1.2-py2.py3-none-any.whl", hash = "sha256:93aa393e9d6c54c5cd570ccadd8edad61ea0c4b9ea7a01409020c9aa019eb442"},
    {file = "appnope-0.1.2.tar.gz", hash = "sha256:dd83cd4b5b460958838f6eb3000c660b1f9caf2a5b1de4264e941512f603258a"},
]
backcall = [
    {file = "backcall-0.2.0-py2.py3-none-any.whl", hash = "sha256:fbbce6a29f263178a1f7915c1940bde0ec2b2a967566fe1c65c1dfb7422bd255"},
    {file = "backcall-0.2.0.tar.gz", hash = "sha256:5cbdbf27be5e7cfadb448baf0aa95508f91f2bbc6c6437cd9cd06e2a4c215e1e"},
]
certifi = [
    {file = "certifi-2020.12.5-py2.py3-none-any.whl", hash = "sha256:719a74fb9e33b9bd44cc7f3a8d94bc35e4049deebe19ba7d8e108280cfd59830"},
    {file = "certifi-2020.12.5.tar.gz", hash = "sha256:1a4995114262bffbc2413b159f2a1a480c969de6e6eb13ee966d470af86af59c"},
]
chardet = [
    {file = "chardet-4.0.0-py2.py3-none-any.whl", hash = "sha256:f864054d66fd9118f2e67044ac8981a54775ec5b67aed0441892edb553d21da5"},
    {file = "chardet-4.0.0.tar.gz", hash = "sha256:0d6f53a15db4120f2b08c94f11e7d93d2c911ee118b6b30a04ec3ee8310179fa"},
]
colorama = [
    {file = "colorama-0.4.4-py2.py3-none-any.whl", hash = "sha256:9f47eda37229f68eee03b24b9748937c7dc3868f906e8ba69fbcbdd3bc5dc3e2"},
]
decorator = [
    {file = "decorator-4.4.2-py2.py3-none-any.whl", hash = "sha256:41fa54c2a0cc4ba648be4fd43cff00aedf5b9465c9bf18d64325bc225f08f760"},
    {file = "decorator-4.4.2.tar.gz", hash = "sha256:e3a62f0520172440ca0dcc823749319382e377f37f140a0b99ef45fecb84bfe7"},
]
fuzzywuzzy = [
    {file = "fuzzywuzzy-0.18.0-py2.py3-none-any.whl", hash = "sha256:928244b28db720d1e0ee7587acf660ea49d7e4c632569cad4f1cd7e68a5f0993"},
    {file = "fuzzywuzzy-0.18.0.tar.gz", hash = "sha256:45016e92264780e58972dca1b3d939ac864b78437422beecebb3095f8efd00e8"},
]
idna = [
    {file = "idna-2.10-py2.py3-none-any.whl", hash = "sha256:b97d804b1e9b523befed77c48dacec60e6dcb0b5391d57af6a65a312a90648c0"},
    {file = "idna-2.10.tar.gz", hash = "sha256:b307872f855b18632ce0c21c5e45be78c0ea7ae4c15c828c20788b26921eb3f6"},
]
inflect = [
    {file = "inflect-5.0.2-py3-none-any.whl", hash = "sha256:f125f678288f4830f0ee4a4f51e088ff869ac44451a5717627a4ed38d734144c"},
    {file = "inflect-5.0.2.tar.gz", hash = "sha256:d284c905414fe37c050734c8600fe170adfb98ba40f72fc66fed393f5b8d5ea0"},
]
ipdb = [
    {file = "ipdb-0.13.4.tar.gz", hash = "sha256:c85398b5fb82f82399fc38c44fe3532c0dde1754abee727d8f5cfcc74547b334"},
]
ipython = [
    {file = "ipython-7.19.0-py3-none-any.whl", hash = "sha256:c987e8178ced651532b3b1ff9965925bfd445c279239697052561a9ab806d28f"},
    {file = "ipython-7.19.0.tar.gz", hash = "sha256:cbb2ef3d5961d44e6a963b9817d4ea4e1fa2eb589c371a470fed14d8d40cbd6a"},
]
ipython-genutils = [
    {file = "ipython_genutils-0.2.0-py2.py3-none-any.whl", hash = "sha256:72dd37233799e619666c9f639a9da83c34013a73e8bbc79a7a6348d93c61fab8"},
    {file = "ipython_genutils-0.2.0.tar.gz", hash = "sha256:eb2e116e75ecef9d4d228fdc66af54269afa26ab4463042e33785b887c628ba8"},
]
jedi = [
    {file = "jedi-0.17.2-py2.py3-none-any.whl", hash = "sha256:98cc583fa0f2f8304968199b01b6b4b94f469a1f4a74c1560506ca2a211378b5"},
    {file = "jedi-0.17.2.tar.gz", hash = "sha256:86ed7d9b750603e4ba582ea8edc678657fb4007894a12bcf6f4bb97892f31d20"},
]
lemminflect = [
    {file = "lemminflect-0.2.2-py3-none-any.whl", hash = "sha256:cdce0f4f336da2eba544e99886787289c63022148b738ac466edbfbe63df7f27"},
    {file = "lemminflect-0.2.2.tar.gz", hash = "sha256:e0065aea1aec7ed36651186aa15567959aefcdf519ea3f6e9ac86e4c1daf3092"},
]
numpy = [
    {file = "numpy-1.21.1-cp37-cp37m-macosx_10_9_x86_64.whl", hash = "sha256:38e8648f9449a549a7dfe8d8755a5979b45b3538520d1e735637ef28e8c2dc50"},
    {file = "numpy-1.21.1-cp37-cp37m-manylinux_2_12_i686.manylinux2010_i686.whl", hash = "sha256:fd7d7409fa643a91d0a05c7554dd68aa9c9bb16e186f6ccfe40d6e003156e33a"},
    {file = "numpy-1.21.1-cp37-cp37m-manylinux_2_12_x86_64.manylinux2010_x86_64.whl", hash = "sha256:a75b4498b1e93d8b700282dc8e655b8bd559c0904b3910b144646dbbbc03e062"},
    {file = "numpy-1.21.1-cp37-cp37m-manylinux_2_17_aarch64.manylinux2014_aarch64.whl", hash = "sha256:1412aa0aec3e00bc23fbb8664d76552b4efde98fb71f60737c83efbac24112f1"},
    {file = "numpy-1.21.1-cp37-cp37m-manylinux_2_5_i686.manylinux1_i686.whl", hash = "sha256:e46ceaff65609b5399163de5893d8f2a82d3c77d5e56d976c8b5fb01faa6b671"},
    {file = "numpy-1.21.1-cp37-cp37m-manylinux_2_5_x86_64.manylinux1_x86_64.whl", hash = "sha256:c6a2324085dd52f96498419ba95b5777e40b6bcbc20088fddb9e8cbb58885e8e"},
    {file = "numpy-1.21.1-cp37-cp37m-win32.whl", hash = "sha256:73101b2a1fef16602696d133db402a7e7586654682244344b8329cdcbbb82172"},
    {file = "numpy-1.21.1-cp37-cp37m-win_amd64.whl", hash = "sha256:7a708a79c9a9d26904d1cca8d383bf869edf6f8e7650d85dbc77b041e8c5a0f8"},
    {file = "numpy-1.21.1-cp38-cp38-macosx_10_9_universal2.whl", hash = "sha256:95b995d0c413f5d0428b3f880e8fe1660ff9396dcd1f9eedbc311f37b5652e16"},
    {file = "numpy-1.21.1-cp38-cp38-macosx_10_9_x86_64.whl", hash = "sha256:635e6bd31c9fb3d475c8f44a089569070d10a9ef18ed13738b03049280281267"},
    {file = "numpy-1.21.1-cp38-cp38-macosx_11_0_arm64.whl", hash = "sha256:4a3d5fb89bfe21be2ef47c0614b9c9c707b7362386c9a3ff1feae63e0267ccb6"},
    {file = "numpy-1.21.1-cp38-cp38-manylinux_2_12_i686.manylinux2010_i686.whl", hash = "sha256:8a326af80e86d0e9ce92bcc1e65c8ff88297de4fa14ee936cb2293d414c9ec63"},
    {file = "numpy-1.21.1-cp38-cp38-manylinux_2_12_x86_64.manylinux2010_x86_64.whl", hash = "sha256:791492091744b0fe390a6ce85cc1bf5149968ac7d5f0477288f78c89b385d9af"},
    {file = "numpy-1.21.1-cp38-cp38-manylinux_2_17_aarch64.manylinux2014_aarch64.whl", hash = "sha256:0318c465786c1f63ac05d7c4dbcecd4d2d7e13f0959b01b534ea1e92202235c5"},
    {file = "numpy-1.21.1-cp38-cp38-manylinux_2_5_i686.manylinux1_i686.whl", hash = "sha256:9a513bd9c1551894ee3d31369f9b07460ef223694098cf27d399513415855b68"},
    {file = "numpy-1.21.1-cp38-cp38-manylinux_2_5_x86_64.manylinux1_x86_64.whl", hash = "sha256:91c6f5fc58df1e0a3cc0c3a717bb3308ff850abdaa6d2d802573ee2b11f674a8"},
    {file = "numpy-1.21.1-cp38-cp38-win32.whl", hash = "sha256:978010b68e17150db8765355d1ccdd450f9fc916824e8c4e35ee620590e234cd"},
    {file = "numpy-1.21.1-cp38-cp38-win_amd64.whl", hash = "sha256:9749a40a5b22333467f02fe11edc98f022133ee1bfa8ab99bda5e5437b831214"},
    {file = "numpy-1.21.1-cp39-cp39-macosx_10_9_universal2.whl", hash = "sha256:d7a4aeac3b94af92a9373d6e77b37691b86411f9745190d2c351f410ab3a791f"},
    {file = "numpy-1.21.1-cp39-cp39-macosx_10_9_x86_64.whl", hash = "sha256:d9e7912a56108aba9b31df688a4c4f5cb0d9d3787386b87d504762b6754fbb1b"},
    {file = "numpy-1.21.1-cp39-cp39-macosx_11_0_arm64.whl", hash = "sha256:25b40b98ebdd272bc3020935427a4530b7d60dfbe1ab9381a39147834e985eac"},
    {file = "numpy-1.21.1-cp39-cp39-manylinux_2_12_i686.manylinux2010_i686.whl", hash = "sha256:8a92c5aea763d14ba9d6475803fc7904bda7decc2a0a68153f587ad82941fec1"},
    {file = "numpy-1.21.1-cp39-cp39-manylinux_2_12_x86_64.manylinux2010_x86_64.whl", hash = "sha256:05a0f648eb28bae4bcb204e6fd14603de2908de982e761a2fc78efe0f19e96e1"},
    {file = "numpy-1.21.1-cp39-cp39-manylinux_2_17_aarch64.manylinux2014_aarch64.whl", hash = "sha256:f01f28075a92eede918b965e86e8f0ba7b7797a95aa8d35e1cc8821f5fc3ad6a"},
    {file = "numpy-1.21.1-cp39-cp39-win32.whl", hash = "sha256:88c0b89ad1cc24a5efbb99ff9ab5db0f9a86e9cc50240177a571fbe9c2860ac2"},
    {file = "numpy-1.21.1-cp39-cp39-win_amd64.whl", hash = "sha256:01721eefe70544d548425a07c80be8377096a54118070b8a62476866d5208e33"},
    {file = "numpy-1.21.1-pp37-pypy37_pp73-manylinux_2_12_x86_64.manylinux2010_x86_64.whl", hash = "sha256:2d4d1de6e6fb3d28781c73fbde702ac97f03d79e4ffd6598b880b2d95d62ead4"},
    {file = "numpy-1.21.1.zip", hash = "sha256:dff4af63638afcc57a3dfb9e4b26d434a7a602d225b42d746ea7fe2edf1342fd"},
]
parso = [
    {file = "parso-0.7.1-py2.py3-none-any.whl", hash = "sha256:97218d9159b2520ff45eb78028ba8b50d2bc61dcc062a9682666f2dc4bd331ea"},
    {file = "parso-0.7.1.tar.gz", hash = "sha256:caba44724b994a8a5e086460bb212abc5a8bc46951bf4a9a1210745953622eb9"},
]
pexpect = [
    {file = "pexpect-4.8.0-py2.py3-none-any.whl", hash = "sha256:0b48a55dcb3c05f3329815901ea4fc1537514d6ba867a152b581d69ae3710937"},
    {file = "pexpect-4.8.0.tar.gz", hash = "sha256:fc65a43959d153d0114afe13997d439c22823a27cefceb5ff35c2178c6784c0c"},
]
pickleshare = [
    {file = "pickleshare-0.7.5-py2.py3-none-any.whl", hash = "sha256:9649af414d74d4df115d5d718f82acb59c9d418196b7b4290ed47a12ce62df56"},
    {file = "pickleshare-0.7.5.tar.gz", hash = "sha256:87683d47965c1da65cdacaf31c8441d12b8044cdec9aca500cd78fc2c683afca"},
]
prompt-toolkit = [
    {file = "prompt_toolkit-3.0.14-py3-none-any.whl", hash = "sha256:c96b30925025a7635471dc083ffb6af0cc67482a00611bd81aeaeeeb7e5a5e12"},
    {file = "prompt_toolkit-3.0.14.tar.gz", hash = "sha256:7e966747c18ececaec785699626b771c1ba8344c8d31759a1915d6b12fad6525"},
]
ptyprocess = [
    {file = "ptyprocess-0.7.0-py2.py3-none-any.whl", hash = "sha256:4b41f3967fce3af57cc7e94b888626c18bf37a083e3651ca8feeb66d492fef35"},
    {file = "ptyprocess-0.7.0.tar.gz", hash = "sha256:5c5d0a3b48ceee0b48485e0c26037c0acd7d29765ca3fbb5cb3831d347423220"},
]
pycld3 = [
    {file = "pycld3-0.20-cp35-cp35m-macosx_10_13_x86_64.whl", hash = "sha256:4e6f9339eb9a908a2f32ee53cbf02f05dd19e67b465833449bc27182390bcd6b"},
    {file = "pycld3-0.20-cp35-cp35m-macosx_10_15_x86_64.whl", hash = "sha256:b9140ecb892941d4ce2da05c7e21139e2f9fe7b184f3ecf2dba2ea5e996beb48"},
    {file = "pycld3-0.20-cp35-cp35m-manylinux1_x86_64.whl", hash = "sha256:58c78ad311a31fa274e98bc89d1d87150c1c7f381aaccefcf11b4f1aa1537689"},
    {file = "pycld3-0.20-cp36-cp36m-macosx_10_13_x86_64.whl", hash = "sha256:b82880f9bc85cf8fe1989755f91a441c670fc14d8bc5305f2af72af0e13bcb96"},
    {file = "pycld3-0.20-cp36-cp36m-macosx_10_15_x86_64.whl", hash = "sha256:e15af2fb4049d3f2cb173081eac3a54dd10e59ab731a246971ee7e19515765e6"},
    {file = "pycld3-0.20-cp36-cp36m-manylinux1_x86_64.whl", hash = "sha256:160919326d7b9e4555a5cbd2b40887eff42f3196296df3df5dc10d2c288a63db"},
    {file = "pycld3-0.20-cp37-cp37m-macosx_10_13_x86_64.whl", hash = "sha256:786ffacd0585901c7c255f04bc25d55dfb33aee6e7554fec3953e2f7b9d18258"},
    {file = "pycld3-0.20-cp37-cp37m-macosx_10_15_x86_64.whl", hash = "sha256:9884afec5b54ee5946ea61041dca82c65d6c047136943ec4a69ea0a9b2fe0268"},
    {file = "pycld3-0.20-cp37-cp37m-manylinux1_x86_64.whl", hash = "sha256:5b7bb88a333f304f953f535103b17a5a3c4dff2eec76cf6cb761a068c1d8a487"},
    {file = "pycld3-0.20-cp38-cp38-macosx_10_13_x86_64.whl", hash = "sha256:617ea7a75659704b3494169639604c5f5f36bd8b9f3ce5f8d956c07e4ec4f818"},
    {file = "pycld3-0.20-cp38-cp38-macosx_10_15_x86_64.whl", hash = "sha256:bb9cff903cf7b77076cb1fd575636253c2f1eef8c9673036393cc5295521d49b"},
    {file = "pycld3-0.20-cp38-cp38-manylinux1_x86_64.whl", hash = "sha256:1e4d51b510cf7bab526f0e35771ef2dc68444c2a5966b618f9b1657aaea349fe"},
    {file = "pycld3-0.20.tar.gz", hash = "sha256:8c10d78c8f1d81ee1f9649971ed14e87f2550ea40feb1f66df375a426a6d9986"},
]
pygments = [
    {file = "Pygments-2.7.4-py3-none-any.whl", hash = "sha256:bc9591213a8f0e0ca1a5e68a479b4887fdc3e75d0774e5c71c31920c427de435"},
    {file = "Pygments-2.7.4.tar.gz", hash = "sha256:df49d09b498e83c1a73128295860250b0b7edd4c723a32e9bc0d295c7c2ec337"},
]
python-dotenv = [
    {file = "python-dotenv-0.15.0.tar.gz", hash = "sha256:587825ed60b1711daea4832cf37524dfd404325b7db5e25ebe88c495c9f807a0"},
    {file = "python_dotenv-0.15.0-py2.py3-none-any.whl", hash = "sha256:0c8d1b80d1a1e91717ea7d526178e3882732420b03f08afea0406db6402e220e"},
]
python-levenshtein = [
    {file = "python-Levenshtein-0.12.1.tar.gz", hash = "sha256:554e273a88060d177e7b3c1e6ea9158dde11563bfae8f7f661f73f47e5ff0911"},
]
requests = [
    {file = "requests-2.25.1-py2.py3-none-any.whl", hash = "sha256:c210084e36a42ae6b9219e00e48287def368a26d03a048ddad7bfee44f75871e"},
    {file = "requests-2.25.1.tar.gz", hash = "sha256:27973dd4a904a4f13b263a19c866c13b92a39ed1c964655f025f3f8d3d75b804"},
]
six = [
    {file = "six-1.15.0-py2.py3-none-any.whl", hash = "sha256:8b74bedcbbbaca38ff6d7491d76f2b06b3592611af620f8426e82dddb04a5ced"},
    {file = "six-1.15.0.tar.gz", hash = "sha256:30639c035cdb23534cd4aa2dd52c3bf48f06e5f4a941509c8bafd8ce11080259"},
]
spotipy = [
    {file = "spotipy-2.16.1-py2-none-any.whl", hash = "sha256:2670ad5715d5bd53a353708eea0ab2aa154232e2fe25d826dc39da5b910f0e17"},
    {file = "spotipy-2.16.1-py3-none-any.whl", hash = "sha256:9d4f0c5857a2c9bb72b39d66e38182ccaf62bcf18a5a16b4f2be8e802eca2f2c"},
    {file = "spotipy-2.16.1.tar.gz", hash = "sha256:4564a6b05959deb82acc96a3fe6883db1ad9f8c73b7ff3b9f1f44db43feba0b8"},
]
tqdm = [
    {file = "tqdm-4.56.0-py2.py3-none-any.whl", hash = "sha256:4621f6823bab46a9cc33d48105753ccbea671b68bab2c50a9f0be23d4065cb5a"},
    {file = "tqdm-4.56.0.tar.gz", hash = "sha256:fe3d08dd00a526850568d542ff9de9bbc2a09a791da3c334f3213d8d0bbbca65"},
]
traitlets = [
    {file = "traitlets-5.0.5-py3-none-any.whl", hash = "sha256:69ff3f9d5351f31a7ad80443c2674b7099df13cc41fc5fa6e2f6d3b0330b0426"},
    {file = "traitlets-5.0.5.tar.gz", hash = "sha256:178f4ce988f69189f7e523337a3e11d91c786ded9360174a3d9ca83e79bc5396"},
]
unidecode = [
    {file = "Unidecode-1.1.2-py2.py3-none-any.whl", hash = "sha256:4c9d15d2f73eb0d2649a151c566901f80a030da1ccb0a2043352e1dbf647586b"},
    {file = "Unidecode-1.1.2.tar.gz", hash = "sha256:a039f89014245e0cad8858976293e23501accc9ff5a7bdbc739a14a2b7b85cdc"},
]
urllib3 = [
    {file = "urllib3-1.26.3-py2.py3-none-any.whl", hash = "sha256:1b465e494e3e0d8939b50680403e3aedaa2bc434b7d5af64dfd3c958d7f5ae80"},
    {file = "urllib3-1.26.3.tar.gz", hash = "sha256:de3eedaad74a2683334e282005cd8d7f22f4d55fa690a2a1020a416cb0a47e73"},
]
wcwidth = [
    {file = "wcwidth-0.2.5-py2.py3-none-any.whl", hash = "sha256:beb4802a9cebb9144e99086eff703a642a13d6a0052920003a230f3294bbe784"},
    {file = "wcwidth-0.2.5.tar.gz", hash = "sha256:c4d647b99872929fdb7bdcaa4fbe7f01413ed3d98077df798530e5b04f116c83"},
]
